<?xml version="1.0" encoding="utf-8"?>
<Project ToolsVersion="4.0" xmlns="http://schemas.microsoft.com/developer/msbuild/2003">
  <ItemGroup>
    <Filter Include="Source Files">
      <UniqueIdentifier>{4FC737F1-C7A5-4376-A066-2A32D752A2FF}</UniqueIdentifier>
      <Extensions>cpp;c;cc;cxx;c++;cppm;ixx;def;odl;idl;hpj;bat;asm;asmx</Extensions>
    </Filter>
    <Filter Include="Header Files">
      <UniqueIdentifier>{93995380-89BD-4b04-88EB-625FBE52EBFB}</UniqueIdentifier>
      <Extensions>h;hh;hpp;hxx;h++;hm;inl;inc;ipp;xsd</Extensions>
    </Filter>
    <Filter Include="Resource Files">
      <UniqueIdentifier>{67DA6AB6-F800-4c08-8B7A-83BB121AAD01}</UniqueIdentifier>
      <Extensions>rc;ico;cur;bmp;dlg;rc2;rct;bin;rgs;gif;jpg;jpeg;jpe;resx;tiff;tif;png;wav;mfcribbon-ms</Extensions>
    </Filter>
    <Filter Include="Source Files\imgui">
      <UniqueIdentifier>{c860aa05-f5ae-4e81-a76f-e2599c047995}</UniqueIdentifier>
    </Filter>
    <Filter Include="Source Files\src">
      <UniqueIdentifier>{0d82af4c-0257-4d2f-9362-5746fe787fca}</UniqueIdentifier>
    </Filter>
    <Filter Include="Source Files\src\MatrixUtil">
      <UniqueIdentifier>{a2c0dfab-207a-4714-bb28-fed45ca87821}</UniqueIdentifier>
    </Filter>
    <Filter Include="Source Files\src\ImGuizmo">
      <UniqueIdentifier>{aeb65b8d-ccb3-4745-8827-85fed9667bae}</UniqueIdentifier>
    </Filter>
    <Filter Include="Source Files\src\GLFW">
      <UniqueIdentifier>{87091b63-07cd-43aa-8b90-fa4b483552ae}</UniqueIdentifier>
    </Filter>
    <Filter Include="Source Files\src\inflatecpp">
      <UniqueIdentifier>{a38a940d-bf7f-492a-8e5e-afed0353e5fd}</UniqueIdentifier>
    </Filter>
  </ItemGroup>
  <ItemGroup>
    <ClCompile Include="main_win32.cpp">
      <Filter>Source Files</Filter>
    </ClCompile>
    <ClCompile Include="..\imgui\imgui.cpp">
      <Filter>Source Files\imgui</Filter>
    </ClCompile>
    <ClCompile Include="..\imgui\imgui_demo.cpp">
      <Filter>Source Files\imgui</Filter>
    </ClCompile>
    <ClCompile Include="..\imgui\imgui_draw.cpp">
      <Filter>Source Files\imgui</Filter>
    </ClCompile>
    <ClCompile Include="..\imgui\backends\imgui_impl_glfw.cpp">
      <Filter>Source Files\imgui</Filter>
    </ClCompile>
    <ClCompile Include="..\imgui\backends\imgui_impl_opengl3.cpp">
      <Filter>Source Files\imgui</Filter>
    </ClCompile>
    <ClCompile Include="..\imgui\imgui_tables.cpp">
      <Filter>Source Files\imgui</Filter>
    </ClCompile>
    <ClCompile Include="..\imgui\imgui_widgets.cpp">
      <Filter>Source Files\imgui</Filter>
    </ClCompile>
    <ClCompile Include="..\src\ReplayContext.cpp">
      <Filter>Source Files\src</Filter>
    </ClCompile>
    <ClCompile Include="..\src\ReplayLogsWindow.cpp">
      <Filter>Source Files\src</Filter>
    </ClCompile>
    <ClCompile Include="..\src\ReplayData.cpp">
      <Filter>Source Files\src</Filter>
    </ClCompile>
    <ClCompile Include="..\src\ReplayEntitiesWindow.cpp">
      <Filter>Source Files\src</Filter>
    </ClCompile>
    <ClCompile Include="..\src\ReplayTimelineSlider.cpp">
      <Filter>Source Files\src</Filter>
    </ClCompile>
    <ClCompile Include="..\src\ReplayViewportWindow.cpp">
      <Filter>Source Files\src</Filter>
    </ClCompile>
    <ClCompile Include="..\src\ImGuizmo\ImGuizmo.cpp">
      <Filter>Source Files\src\ImGuizmo</Filter>
    </ClCompile>
    <ClCompile Include="..\src\inflatecpp\adler32.cc">
      <Filter>Source Files\src\inflatecpp</Filter>
    </ClCompile>
    <ClCompile Include="..\src\inflatecpp\bit_reader.cc">
      <Filter>Source Files\src\inflatecpp</Filter>
    </ClCompile>
    <ClCompile Include="..\src\inflatecpp\crc32.cc">
      <Filter>Source Files\src\inflatecpp</Filter>
    </ClCompile>
    <ClCompile Include="..\src\inflatecpp\decompressor.cc">
      <Filter>Source Files\src\inflatecpp</Filter>
    </ClCompile>
    <ClCompile Include="..\src\inflatecpp\huffman_decoder.cc">
      <Filter>Source Files\src\inflatecpp</Filter>
    </ClCompile>
    <ClCompile Include="..\src\ReplayGraphWindow.cpp">
      <Filter>Source Files\src</Filter>
    </ClCompile>
    <ClCompile Include="..\src\ReplayWindowsLayout.cpp">
      <Filter>Source Files\src</Filter>
    </ClCompile>
  </ItemGroup>
  <ItemGroup>
    <ClInclude Include="..\imgui\imconfig.h">
      <Filter>Source Files\imgui</Filter>
    </ClInclude>
    <ClInclude Include="..\imgui\imgui.h">
      <Filter>Source Files\imgui</Filter>
    </ClInclude>
    <ClInclude Include="..\imgui\backends\imgui_impl_glfw.h">
      <Filter>Source Files\imgui</Filter>
    </ClInclude>
    <ClInclude Include="..\imgui\backends\imgui_impl_opengl3.h">
      <Filter>Source Files\imgui</Filter>
    </ClInclude>
    <ClInclude Include="..\imgui\imgui_internal.h">
      <Filter>Source Files\imgui</Filter>
    </ClInclude>
    <ClInclude Include="..\imgui\imstb_rectpack.h">
      <Filter>Source Files\imgui</Filter>
    </ClInclude>
    <ClInclude Include="..\imgui\imstb_textedit.h">
      <Filter>Source Files\imgui</Filter>
    </ClInclude>
    <ClInclude Include="..\imgui\imstb_truetype.h">
      <Filter>Source Files\imgui</Filter>
    </ClInclude>
    <ClInclude Include="..\src\ReplayContext.hpp">
      <Filter>Source Files\src</Filter>
    </ClInclude>
    <ClInclude Include="..\src\ReplayLogsWindow.hpp">
      <Filter>Source Files\src</Filter>
    </ClInclude>
    <ClInclude Include="..\src\ReplayData.hpp">
      <Filter>Source Files\src</Filter>
    </ClInclude>
    <ClInclude Include="..\src\ReplayEntitiesWindow.hpp">
      <Filter>Source Files\src</Filter>
    </ClInclude>
    <ClInclude Include="..\src\ReplayTimelineSlider.hpp">
      <Filter>Source Files\src</Filter>
    </ClInclude>
    <ClInclude Include="..\src\ReplayViewportWindow.hpp">
      <Filter>Source Files\src</Filter>
    </ClInclude>
    <ClInclude Include="..\src\ImGuizmo\ImGuizmo.h">
      <Filter>Source Files\src\ImGuizmo</Filter>
    </ClInclude>
    <ClInclude Include="..\src\MatrixUtil\f_math.h">
      <Filter>Source Files\src\MatrixUtil</Filter>
    </ClInclude>
    <ClInclude Include="..\src\MatrixUtil\fmat_math.h">
      <Filter>Source Files\src\MatrixUtil</Filter>
    </ClInclude>
    <ClInclude Include="..\src\MatrixUtil\fmat_math_defs.h">
      <Filter>Source Files\src\MatrixUtil</Filter>
    </ClInclude>
    <ClInclude Include="..\src\MatrixUtil\fmat_transform.h">
      <Filter>Source Files\src\MatrixUtil</Filter>
    </ClInclude>
    <ClInclude Include="..\src\MatrixUtil\fvec_math.h">
      <Filter>Source Files\src\MatrixUtil</Filter>
    </ClInclude>
    <ClInclude Include="..\src\MatrixUtil\ivec_math.h">
      <Filter>Source Files\src\MatrixUtil</Filter>
    </ClInclude>
    <ClInclude Include="..\src\MatrixUtil\mat_types.h">
      <Filter>Source Files\src\MatrixUtil</Filter>
    </ClInclude>
    <ClInclude Include="..\src\MatrixUtil\mutil.h">
      <Filter>Source Files\src\MatrixUtil</Filter>
    </ClInclude>
    <ClInclude Include="..\src\MatrixUtil\quaternion.h">
      <Filter>Source Files\src\MatrixUtil</Filter>
    </ClInclude>
    <ClInclude Include="..\src\MatrixUtil\settings.h">
      <Filter>Source Files\src\MatrixUtil</Filter>
    </ClInclude>
    <ClInclude Include="..\src\MatrixUtil\vec_types.h">
      <Filter>Source Files\src\MatrixUtil</Filter>
    </ClInclude>
    <ClInclude Include="..\src\GLFW\glfw3.h">
      <Filter>Source Files\src\GLFW</Filter>
    </ClInclude>
    <ClInclude Include="..\src\GLFW\glfw3native.h">
      <Filter>Source Files\src\GLFW</Filter>
    </ClInclude>
    <ClInclude Include="..\src\inflatecpp\adler32.h">
      <Filter>Source Files\src\inflatecpp</Filter>
    </ClInclude>
    <ClInclude Include="..\src\inflatecpp\bit_reader.h">
      <Filter>Source Files\src\inflatecpp</Filter>
    </ClInclude>
    <ClInclude Include="..\src\inflatecpp\crc32.h">
      <Filter>Source Files\src\inflatecpp</Filter>
    </ClInclude>
    <ClInclude Include="..\src\inflatecpp\decompressor.h">
      <Filter>Source Files\src\inflatecpp</Filter>
    </ClInclude>
    <ClInclude Include="..\src\inflatecpp\huffman_decoder.h">
      <Filter>Source Files\src\inflatecpp</Filter>
    </ClInclude>
    <ClInclude Include="..\src\ReplayGraphWindow.hpp">
      <Filter>Source Files\src</Filter>
    </ClInclude>
    <ClInclude Include="..\src\ReplayWidgetBase.hpp">
      <Filter>Source Files\src</Filter>
    </ClInclude>
    <ClInclude Include="..\src\ReplayWindowsLayout.hpp">
      <Filter>Source Files\src</Filter>
    </ClInclude>
  </ItemGroup>
  <ItemGroup>
    <Natvis Include="..\src\MatrixUtil\matrixutil.natvis">
      <Filter>Source Files\src\MatrixUtil</Filter>
    </Natvis>
  </ItemGroup>
  <ItemGroup>
    <CopyFileToFolders Include="..\imgui.ini">
      <Filter>Resource Files</Filter>
    </CopyFileToFolders>
    <CopyFileToFolders Include="..\FiraCode-Regular.ttf">
      <Filter>Resource Files</Filter>
    </CopyFileToFolders>
  </ItemGroup>
</Project>