<?xml version="1.0" encoding="utf-8"?>
<Project ToolsVersion="4.0" xmlns="http://schemas.microsoft.com/developer/msbuild/2003">
  <ItemGroup>
    <ClCompile Include="Main.cpp" />
    <ClCompile Include="..\imgui\imgui.cpp">
      <Filter>imgui</Filter>
    </ClCompile>
    <ClCompile Include="..\imgui\imgui_demo.cpp">
      <Filter>imgui</Filter>
    </ClCompile>
    <ClCompile Include="..\imgui\imgui_draw.cpp">
      <Filter>imgui</Filter>
    </ClCompile>
    <ClCompile Include="..\imgui\backends\imgui_impl_glfw.cpp">
      <Filter>imgui</Filter>
    </ClCompile>
    <ClCompile Include="..\imgui\backends\imgui_impl_wgpu.cpp">
      <Filter>imgui</Filter>
    </ClCompile>
    <ClCompile Include="..\imgui\imgui_tables.cpp">
      <Filter>imgui</Filter>
    </ClCompile>
    <ClCompile Include="..\imgui\imgui_widgets.cpp">
      <Filter>imgui</Filter>
    </ClCompile>
    <ClCompile Include="..\src\ReplayContext.cpp">
      <Filter>src</Filter>
    </ClCompile>
    <ClCompile Include="..\src\ReplayData.cpp">
      <Filter>src</Filter>
    </ClCompile>
    <ClCompile Include="..\src\ReplayLogsWindow.cpp">
      <Filter>src</Filter>
    </ClCompile>
    <ClCompile Include="..\src\ReplayEntitiesWindow.cpp">
      <Filter>src</Filter>
    </ClCompile>
    <ClCompile Include="..\src\ReplayTimelineSlider.cpp">
      <Filter>src</Filter>
    </ClCompile>
    <ClCompile Include="..\src\inflatecpp\adler32.cc">
      <Filter>src\inflatecpp</Filter>
    </ClCompile>
    <ClCompile Include="..\src\inflatecpp\bit_reader.cc">
      <Filter>src\inflatecpp</Filter>
    </ClCompile>
    <ClCompile Include="..\src\inflatecpp\crc32.cc">
      <Filter>src\inflatecpp</Filter>
    </ClCompile>
    <ClCompile Include="..\src\inflatecpp\decompressor.cc">
      <Filter>src\inflatecpp</Filter>
    </ClCompile>
    <ClCompile Include="..\src\inflatecpp\huffman_decoder.cc">
      <Filter>src\inflatecpp</Filter>
    </ClCompile>
    <ClCompile Include="..\src\ReplayViewportWindow.cpp">
      <Filter>src</Filter>
    </ClCompile>
    <ClCompile Include="..\src\ImGuizmo\ImGuizmo.cpp">
      <Filter>src\imguizmo</Filter>
    </ClCompile>
    <ClCompile Include="..\src\ReplayGraphWindow.cpp">
      <Filter>src</Filter>
    </ClCompile>
    <ClCompile Include="..\src\ReplayWindowsLayout.cpp">
      <Filter>src</Filter>
    </ClCompile>
    <ClCompile Include="..\src\ReplayPropertiesWindow.cpp">
      <Filter>src</Filter>
    </ClCompile>
  </ItemGroup>
  <ItemGroup>
    <ClInclude Include="..\imgui\imstb_truetype.h">
      <Filter>imgui</Filter>
    </ClInclude>
    <ClInclude Include="..\imgui\imconfig.h">
      <Filter>imgui</Filter>
    </ClInclude>
    <ClInclude Include="..\imgui\imgui.h">
      <Filter>imgui</Filter>
    </ClInclude>
    <ClInclude Include="..\imgui\backends\imgui_impl_glfw.h">
      <Filter>imgui</Filter>
    </ClInclude>
    <ClInclude Include="..\imgui\backends\imgui_impl_wgpu.h">
      <Filter>imgui</Filter>
    </ClInclude>
    <ClInclude Include="..\imgui\imgui_internal.h">
      <Filter>imgui</Filter>
    </ClInclude>
    <ClInclude Include="..\imgui\imstb_rectpack.h">
      <Filter>imgui</Filter>
    </ClInclude>
    <ClInclude Include="..\imgui\imstb_textedit.h">
      <Filter>imgui</Filter>
    </ClInclude>
    <ClInclude Include="..\src\ReplayContext.hpp">
      <Filter>src</Filter>
    </ClInclude>
    <ClInclude Include="..\src\ReplayData.hpp">
      <Filter>src</Filter>
    </ClInclude>
    <ClInclude Include="..\src\ReplayLogsWindow.hpp">
      <Filter>src</Filter>
    </ClInclude>
    <ClInclude Include="..\src\ReplayEntitiesWindow.hpp">
      <Filter>src</Filter>
    </ClInclude>
    <ClInclude Include="..\src\ReplayTimelineSlider.hpp">
      <Filter>src</Filter>
    </ClInclude>
    <ClInclude Include="..\src\inflatecpp\adler32.h">
      <Filter>src\inflatecpp</Filter>
    </ClInclude>
    <ClInclude Include="..\src\inflatecpp\bit_reader.h">
      <Filter>src\inflatecpp</Filter>
    </ClInclude>
    <ClInclude Include="..\src\inflatecpp\crc32.h">
      <Filter>src\inflatecpp</Filter>
    </ClInclude>
    <ClInclude Include="..\src\inflatecpp\decompressor.h">
      <Filter>src\inflatecpp</Filter>
    </ClInclude>
    <ClInclude Include="..\src\inflatecpp\huffman_decoder.h">
      <Filter>src\inflatecpp</Filter>
    </ClInclude>
    <ClInclude Include="..\src\ReplayViewportWindow.hpp">
      <Filter>src</Filter>
    </ClInclude>
    <ClInclude Include="..\src\ImGuizmo\ImGuizmo.h">
      <Filter>src\imguizmo</Filter>
    </ClInclude>
    <ClInclude Include="..\src\ReplayGraphWindow.hpp">
      <Filter>src</Filter>
    </ClInclude>
    <ClInclude Include="..\src\ReplayWidgetBase.hpp">
      <Filter>src</Filter>
    </ClInclude>
    <ClInclude Include="..\src\ReplayWindowsLayout.hpp">
      <Filter>src</Filter>
    </ClInclude>
    <ClInclude Include="..\src\ReplayPropertiesWindow.hpp">
      <Filter>src</Filter>
    </ClInclude>
  </ItemGroup>
  <ItemGroup>
    <None Include="..\docs\index.html" />
  </ItemGroup>
  <ItemGroup>
    <Filter Include="imgui">
      <UniqueIdentifier>{e0b5f43a-7f52-4401-bbcb-6180f9098e09}</UniqueIdentifier>
    </Filter>
    <Filter Include="src">
      <UniqueIdentifier>{daf46d79-3eaa-4f18-9535-7ee73c372f3f}</UniqueIdentifier>
    </Filter>
    <Filter Include="src\inflatecpp">
      <UniqueIdentifier>{3674d9a0-e516-4a88-ae0c-8d662f6b0cfb}</UniqueIdentifier>
    </Filter>
    <Filter Include="src\imguizmo">
      <UniqueIdentifier>{ffbc23f5-8cc5-4dfe-97b9-23813680828a}</UniqueIdentifier>
    </Filter>
  </ItemGroup>
</Project>